
Microsoft Visual Studio Solution File, Format Version 12.00
# Visual Studio Version 17
VisualStudioVersion = 17.6.33829.357
MinimumVisualStudioVersion = 10.0.40219.1
Project("{FAE04EC0-301F-11D3-BF4B-00C04F79EFBC}") = "PaiPaiGo", "PaiPaiGo\PaiPaiGo.csproj", "{FECCC90F-8623-4654-A3A9-DD026065611B}"
EndProject
Global
	GlobalSection(SolutionConfigurationPlatforms) = preSolution
		Debug|Any CPU = Debug|Any CPU
		Release|Any CPU = Release|Any CPU
	EndGlobalSection
	GlobalSection(ProjectConfigurationPlatforms) = postSolution
		{FECCC90F-8623-4654-A3A9-DD026065611B}.Debug|Any CPU.ActiveCfg = Debug|Any CPU
		{FECCC90F-8623-4654-A3A9-DD026065611B}.Debug|Any CPU.Build.0 = Debug|Any CPU
		{FECCC90F-8623-4654-A3A9-DD026065611B}.Release|Any CPU.ActiveCfg = Release|Any CPU
		{FECCC90F-8623-4654-A3A9-DD026065611B}.Release|Any CPU.Build.0 = Release|Any CPU
	EndGlobalSection
	GlobalSection(SolutionProperties) = preSolution
		HideSolutionNode = FALSE
	EndGlobalSection
	GlobalSection(ExtensibilityGlobals) = postSolution
		SolutionGuid = {22E499EA-6B3D-4969-910E-C378343D5A88}
	EndGlobalSection
EndGlobal
